
Microsoft Visual Studio Solution File, Format Version 12.00
# Visual Studio 15
VisualStudioVersion = 15.0.28307.1022
MinimumVisualStudioVersion = 10.0.40219.1
Project("{FAE04EC0-301F-11D3-BF4B-00C04F79EFBC}") = "testmatch", "testmatch\testmatch.csproj", "{375C5529-47D3-4DF0-808C-2FBA61762404}"
EndProject
Global
	GlobalSection(SolutionConfigurationPlatforms) = preSolution
		Debug|Any CPU = Debug|Any CPU
		Release|Any CPU = Release|Any CPU
	EndGlobalSection
	GlobalSection(ProjectConfigurationPlatforms) = postSolution
		{375C5529-47D3-4DF0-808C-2FBA61762404}.Debug|Any CPU.ActiveCfg = Debug|Any CPU
		{375C5529-47D3-4DF0-808C-2FBA61762404}.Debug|Any CPU.Build.0 = Debug|Any CPU
		{375C5529-47D3-4DF0-808C-2FBA61762404}.Release|Any CPU.ActiveCfg = Release|Any CPU
		{375C5529-47D3-4DF0-808C-2FBA61762404}.Release|Any CPU.Build.0 = Release|Any CPU
	EndGlobalSection
	GlobalSection(SolutionProperties) = preSolution
		HideSolutionNode = FALSE
	EndGlobalSection
	GlobalSection(ExtensibilityGlobals) = postSolution
		SolutionGuid = {5F991DDC-87EC-4D28-9A34-D699A63389BC}
	EndGlobalSection
EndGlobal
